<?xml version="1.0" encoding="utf-8"?>
<Project ToolsVersion="4.0" xmlns="http://schemas.microsoft.com/developer/msbuild/2003">
  <ItemGroup>
    <Filter Include="Source Files">
      <UniqueIdentifier>{4FC737F1-C7A5-4376-A066-2A32D752A2FF}</UniqueIdentifier>
      <Extensions>cpp;c;cc;cxx;def;odl;idl;hpj;bat;asm;asmx</Extensions>
    </Filter>
    <Filter Include="Header Files">
      <UniqueIdentifier>{93995380-89BD-4b04-88EB-625FBE52EBFB}</UniqueIdentifier>
      <Extensions>h;hpp;hxx;hm;inl;inc;xsd</Extensions>
    </Filter>
    <Filter Include="Resource Files">
      <UniqueIdentifier>{67DA6AB6-F800-4c08-8B7A-83BB121AAD01}</UniqueIdentifier>
      <Extensions>rc;ico;cur;bmp;dlg;rc2;rct;bin;rgs;gif;jpg;jpeg;jpe;resx;tiff;tif;png;wav;mfcribbon-ms</Extensions>
    </Filter>
    <Filter Include="include">
      <UniqueIdentifier>{f6d41f57-d9af-48a6-b803-afbad02b9764}</UniqueIdentifier>
    </Filter>
    <Filter Include="src">
      <UniqueIdentifier>{f9dce2be-2382-4226-b11b-cca6f61584ca}</UniqueIdentifier>
    </Filter>
  </ItemGroup>
  <ItemGroup>
    <None Include="ReadMe.txt" />
  </ItemGroup>
  <ItemGroup>
    <ClInclude Include="stdafx.h">
      <Filter>Header Files</Filter>
    </ClInclude>
    <ClInclude Include="targetver.h">
      <Filter>Header Files</Filter>
    </ClInclude>
    <ClInclude Include="..\..\include\curl.h">
      <Filter>include</Filter>
    </ClInclude>
    <ClInclude Include="..\..\include\files.h">
      <Filter>include</Filter>
    </ClInclude>
    <ClInclude Include="..\..\include\header.h">
      <Filter>include</Filter>
    </ClInclude>
    <ClInclude Include="..\..\include\icy-string.h">
      <Filter>include</Filter>
    </ClInclude>
    <ClInclude Include="..\..\include\log.h">
      <Filter>include</Filter>
    </ClInclude>
    <ClInclude Include="..\..\include\metadata.h">
      <Filter>include</Filter>
    </ClInclude>
    <ClInclude Include="..\..\include\mp3data.h">
      <Filter>include</Filter>
    </ClInclude>
    <ClInclude Include="..\..\include\parsing.h">
      <Filter>include</Filter>
    </ClInclude>
    <ClInclude Include="..\..\include\pls.h">
      <Filter>include</Filter>
    </ClInclude>
    <ClInclude Include="..\..\include\shoutcast.h">
      <Filter>include</Filter>
    </ClInclude>
    <ClInclude Include="..\..\include\stream.h">
      <Filter>include</Filter>
    </ClInclude>
    <ClInclude Include="..\..\include\types.h">
      <Filter>include</Filter>
    </ClInclude>
    <ClInclude Include="getopt.h">
      <Filter>Header Files</Filter>
    </ClInclude>
  </ItemGroup>
  <ItemGroup>
    <ClCompile Include="stdafx.cpp">
      <Filter>Source Files</Filter>
    </ClCompile>
    <ClCompile Include="shoutcastRecorder.cpp">
      <Filter>Source Files</Filter>
    </ClCompile>
    <ClCompile Include="..\..\src\curl.c">
      <Filter>src</Filter>
    </ClCompile>
    <ClCompile Include="..\..\src\files.c">
      <Filter>src</Filter>
    </ClCompile>
    <ClCompile Include="..\..\src\header.c">
      <Filter>src</Filter>
    </ClCompile>
    <ClCompile Include="..\..\src\icy-string.c">
      <Filter>src</Filter>
    </ClCompile>
    <ClCompile Include="..\..\src\log.c">
      <Filter>src</Filter>
    </ClCompile>
    <ClCompile Include="..\..\src\main.c">
      <Filter>src</Filter>
    </ClCompile>
    <ClCompile Include="..\..\src\metadata.c">
      <Filter>src</Filter>
    </ClCompile>
    <ClCompile Include="..\..\src\mp3data.c">
      <Filter>src</Filter>
    </ClCompile>
    <ClCompile Include="..\..\src\pls.c">
      <Filter>src</Filter>
    </ClCompile>
    <ClCompile Include="..\..\src\shoutcast.c">
      <Filter>src</Filter>
    </ClCompile>
    <ClCompile Include="..\..\src\stream.c">
      <Filter>src</Filter>
    </ClCompile>
    <ClCompile Include="getopt.c">
      <Filter>Source Files</Filter>
    </ClCompile>
  </ItemGroup>
</Project>